
Microsoft Visual Studio Solution File, Format Version 12.00
# Visual Studio Version 16
VisualStudioVersion = 16.0.29911.84
MinimumVisualStudioVersion = 10.0.40219.1
Project("{FAE04EC0-301F-11D3-BF4B-00C04F79EFBC}") = "SCC", "SCC.csproj", "{09E32264-1897-4A55-B238-36B4BD025B1A}"
EndProject
Global
	GlobalSection(SolutionConfigurationPlatforms) = preSolution
		Debug|Any CPU = Debug|Any CPU
		Release|Any CPU = Release|Any CPU
	EndGlobalSection
	GlobalSection(ProjectConfigurationPlatforms) = postSolution
		{09E32264-1897-4A55-B238-36B4BD025B1A}.Debug|Any CPU.ActiveCfg = Debug|Any CPU
		{09E32264-1897-4A55-B238-36B4BD025B1A}.Debug|Any CPU.Build.0 = Debug|Any CPU
		{09E32264-1897-4A55-B238-36B4BD025B1A}.Release|Any CPU.ActiveCfg = Release|Any CPU
		{09E32264-1897-4A55-B238-36B4BD025B1A}.Release|Any CPU.Build.0 = Release|Any CPU
	EndGlobalSection
	GlobalSection(SolutionProperties) = preSolution
		HideSolutionNode = FALSE
	EndGlobalSection
	GlobalSection(ExtensibilityGlobals) = postSolution
		SolutionGuid = {29669311-C37B-4C6C-BC36-61AEE60F0654}
	EndGlobalSection
EndGlobal
